{
  "name": "elm-hex",
  "lockfileVersion": 3,
  "requires": true,
  "packages": {
    "": {
      "dependencies": {
        "gren-lang": "^0.6.5"
      }
    },
    "node_modules/gren-lang": {
      "version": "0.6.5",
      "resolved": "https://registry.npmjs.org/gren-lang/-/gren-lang-0.6.5.tgz",
      "integrity": "sha512-QkAplrT11GZdskTjsCigRxDN9K0YRXPB/NXcYby8Oogs/44eiap0wKAydbjESHkqGhFa3rjkaYLrzi88sXRdJA==",
      "license": "BSD-3-Clause",
      "bin": {
        "gren": "bin/compiler"
      },
      "funding": {
        "url": "https://ko-fi.com/gren"
      }
    }
  }
}
